
Microsoft Visual Studio Solution File, Format Version 12.00
# Visual Studio Version 16
VisualStudioVersion = 16.0.29728.190
MinimumVisualStudioVersion = 10.0.40219.1
Project("{8BC9CEB8-8B4A-11D0-8D11-00A0C91BC942}") = "lab2++", "lab2++\lab2++.vcxproj", "{CC9C518C-7B2F-4577-B243-07E271AAE173}"
EndProject
Global
	GlobalSection(SolutionConfigurationPlatforms) = preSolution
		Debug|x64 = Debug|x64
		Debug|x86 = Debug|x86
		Release|x64 = Release|x64
		Release|x86 = Release|x86
	EndGlobalSection
	GlobalSection(ProjectConfigurationPlatforms) = postSolution
		{CC9C518C-7B2F-4577-B243-07E271AAE173}.Debug|x64.ActiveCfg = Debug|x64
		{CC9C518C-7B2F-4577-B243-07E271AAE173}.Debug|x64.Build.0 = Debug|x64
		{CC9C518C-7B2F-4577-B243-07E271AAE173}.Debug|x86.ActiveCfg = Debug|Win32
		{CC9C518C-7B2F-4577-B243-07E271AAE173}.Debug|x86.Build.0 = Debug|Win32
		{CC9C518C-7B2F-4577-B243-07E271AAE173}.Release|x64.ActiveCfg = Release|x64
		{CC9C518C-7B2F-4577-B243-07E271AAE173}.Release|x64.Build.0 = Release|x64
		{CC9C518C-7B2F-4577-B243-07E271AAE173}.Release|x86.ActiveCfg = Release|Win32
		{CC9C518C-7B2F-4577-B243-07E271AAE173}.Release|x86.Build.0 = Release|Win32
	EndGlobalSection
	GlobalSection(SolutionProperties) = preSolution
		HideSolutionNode = FALSE
	EndGlobalSection
	GlobalSection(ExtensibilityGlobals) = postSolution
		SolutionGuid = {79BCE52D-0B45-4231-B5EC-9647ECEB0236}
	EndGlobalSection
EndGlobal
